
Microsoft Visual Studio Solution File, Format Version 12.00
# Visual Studio Version 16
VisualStudioVersion = 16.0.31624.102
MinimumVisualStudioVersion = 10.0.40219.1
Project("{9A19103F-16F7-4668-BE54-9A1E7A4F7556}") = "DiscordBotTeam", "DiscordBotTeam\DiscordBotTeam.csproj", "{D37C6F78-AF71-4B2A-BDC6-DAC021ABDB00}"
EndProject
Project("{2150E333-8FDC-42A3-9474-1A3956D46DE8}") = "DiscordBotTeam", "DiscordBotTeam", "{8541E9CD-F750-4D67-9D21-4CE654F94A12}"
EndProject
Project("{2150E333-8FDC-42A3-9474-1A3956D46DE8}") = "DiscordBotTeam.DAL", "DiscordBotTeam.DAL", "{5FE5F77D-55F7-484D-8E36-44A2AF13A75E}"
EndProject
Project("{9A19103F-16F7-4668-BE54-9A1E7A4F7556}") = "DiscordBotTeam.DAL", "DiscordBotTeam.DAL\DiscordBotTeam.DAL.csproj", "{1B6DBE8D-B923-4239-99D7-EE849B574331}"
EndProject
Project("{9A19103F-16F7-4668-BE54-9A1E7A4F7556}") = "DiscordBotTeam.DAL.Migrations", "DiscordBotTeam.DAL.Migrations\DiscordBotTeam.DAL.Migrations.csproj", "{6238B344-CC48-49B5-8A1C-4E8CDCF3CCF8}"
EndProject
Project("{2150E333-8FDC-42A3-9474-1A3956D46DE8}") = "DiscordBotTeam.Core", "DiscordBotTeam.Core", "{0F7F172E-34AF-4AB1-9558-BF03236FB56F}"
EndProject
Project("{FAE04EC0-301F-11D3-BF4B-00C04F79EFBC}") = "DiscordBotTeam.Core", "DiscordBotTeam.Core\DiscordBotTeam.Core.csproj", "{1423B2B1-A7B1-4021-B7E7-E1C48629655A}"
EndProject
Global
	GlobalSection(SolutionConfigurationPlatforms) = preSolution
		Debug|Any CPU = Debug|Any CPU
		Release|Any CPU = Release|Any CPU
	EndGlobalSection
	GlobalSection(ProjectConfigurationPlatforms) = postSolution
		{D37C6F78-AF71-4B2A-BDC6-DAC021ABDB00}.Debug|Any CPU.ActiveCfg = Debug|Any CPU
		{D37C6F78-AF71-4B2A-BDC6-DAC021ABDB00}.Debug|Any CPU.Build.0 = Debug|Any CPU
		{D37C6F78-AF71-4B2A-BDC6-DAC021ABDB00}.Release|Any CPU.ActiveCfg = Release|Any CPU
		{D37C6F78-AF71-4B2A-BDC6-DAC021ABDB00}.Release|Any CPU.Build.0 = Release|Any CPU
		{1B6DBE8D-B923-4239-99D7-EE849B574331}.Debug|Any CPU.ActiveCfg = Debug|Any CPU
		{1B6DBE8D-B923-4239-99D7-EE849B574331}.Debug|Any CPU.Build.0 = Debug|Any CPU
		{1B6DBE8D-B923-4239-99D7-EE849B574331}.Release|Any CPU.ActiveCfg = Release|Any CPU
		{1B6DBE8D-B923-4239-99D7-EE849B574331}.Release|Any CPU.Build.0 = Release|Any CPU
		{6238B344-CC48-49B5-8A1C-4E8CDCF3CCF8}.Debug|Any CPU.ActiveCfg = Debug|Any CPU
		{6238B344-CC48-49B5-8A1C-4E8CDCF3CCF8}.Debug|Any CPU.Build.0 = Debug|Any CPU
		{6238B344-CC48-49B5-8A1C-4E8CDCF3CCF8}.Release|Any CPU.ActiveCfg = Release|Any CPU
		{6238B344-CC48-49B5-8A1C-4E8CDCF3CCF8}.Release|Any CPU.Build.0 = Release|Any CPU
		{1423B2B1-A7B1-4021-B7E7-E1C48629655A}.Debug|Any CPU.ActiveCfg = Debug|Any CPU
		{1423B2B1-A7B1-4021-B7E7-E1C48629655A}.Debug|Any CPU.Build.0 = Debug|Any CPU
		{1423B2B1-A7B1-4021-B7E7-E1C48629655A}.Release|Any CPU.ActiveCfg = Release|Any CPU
		{1423B2B1-A7B1-4021-B7E7-E1C48629655A}.Release|Any CPU.Build.0 = Release|Any CPU
	EndGlobalSection
	GlobalSection(SolutionProperties) = preSolution
		HideSolutionNode = FALSE
	EndGlobalSection
	GlobalSection(NestedProjects) = preSolution
		{D37C6F78-AF71-4B2A-BDC6-DAC021ABDB00} = {8541E9CD-F750-4D67-9D21-4CE654F94A12}
		{1B6DBE8D-B923-4239-99D7-EE849B574331} = {5FE5F77D-55F7-484D-8E36-44A2AF13A75E}
		{6238B344-CC48-49B5-8A1C-4E8CDCF3CCF8} = {5FE5F77D-55F7-484D-8E36-44A2AF13A75E}
		{1423B2B1-A7B1-4021-B7E7-E1C48629655A} = {0F7F172E-34AF-4AB1-9558-BF03236FB56F}
	EndGlobalSection
	GlobalSection(ExtensibilityGlobals) = postSolution
		SolutionGuid = {4159CEFC-4EBA-437D-B234-49E236A5EB42}
	EndGlobalSection
EndGlobal
